
Microsoft Visual Studio Solution File, Format Version 12.00
Project("{FAE04EC0-301F-11D3-BF4B-00C04F79EFBC}") = "SocialPlatform.Server", "SocialPlatform.Server\SocialPlatform.Server.csproj", "{542E4C1D-6C24-4493-964E-E91FB887EC04}"
EndProject
Project("{FAE04EC0-301F-11D3-BF4B-00C04F79EFBC}") = "SocialPlatform.Client.Web", "SocialPlatform.Client.Web\SocialPlatform.Client.Web.csproj", "{6675CD42-4047-4B4B-8C6B-FD12220EBB25}"
EndProject
Project("{FAE04EC0-301F-11D3-BF4B-00C04F79EFBC}") = "SocialPlatform.Client.Maui", "SocialPlatform.Client.Maui\SocialPlatform.Client.Maui.csproj", "{827E1C21-6C7F-44C0-93EB-27DB5AB29476}"
EndProject
Project("{FAE04EC0-301F-11D3-BF4B-00C04F79EFBC}") = "SocialPlatform.Core", "SocialPlatform.Core\SocialPlatform.Core.csproj", "{953CBF27-AC32-4C78-852E-9B6EFC9A44E0}"
EndProject
Project("{FAE04EC0-301F-11D3-BF4B-00C04F79EFBC}") = "SocialPlatform.Client.Shared", "SocialPlatform.Client.Shared\SocialPlatform.Client.Shared.csproj", "{7A2D2691-7F17-4CE2-B73F-BE183B8F2B56}"
EndProject
Project("{2150E333-8FDC-42A3-9474-1A3956D46DE8}") = "Client", "Client", "{8ED370B4-0198-4D37-97E2-8C5267E3394E}"
EndProject
Global
	GlobalSection(SolutionConfigurationPlatforms) = preSolution
		Debug|Any CPU = Debug|Any CPU
		Release|Any CPU = Release|Any CPU
	EndGlobalSection
	GlobalSection(ProjectConfigurationPlatforms) = postSolution
		{542E4C1D-6C24-4493-964E-E91FB887EC04}.Debug|Any CPU.ActiveCfg = Debug|Any CPU
		{542E4C1D-6C24-4493-964E-E91FB887EC04}.Debug|Any CPU.Build.0 = Debug|Any CPU
		{542E4C1D-6C24-4493-964E-E91FB887EC04}.Release|Any CPU.ActiveCfg = Release|Any CPU
		{542E4C1D-6C24-4493-964E-E91FB887EC04}.Release|Any CPU.Build.0 = Release|Any CPU
		{6675CD42-4047-4B4B-8C6B-FD12220EBB25}.Debug|Any CPU.ActiveCfg = Debug|Any CPU
		{6675CD42-4047-4B4B-8C6B-FD12220EBB25}.Debug|Any CPU.Build.0 = Debug|Any CPU
		{6675CD42-4047-4B4B-8C6B-FD12220EBB25}.Release|Any CPU.ActiveCfg = Release|Any CPU
		{6675CD42-4047-4B4B-8C6B-FD12220EBB25}.Release|Any CPU.Build.0 = Release|Any CPU
		{827E1C21-6C7F-44C0-93EB-27DB5AB29476}.Debug|Any CPU.ActiveCfg = Debug|Any CPU
		{827E1C21-6C7F-44C0-93EB-27DB5AB29476}.Debug|Any CPU.Build.0 = Debug|Any CPU
		{827E1C21-6C7F-44C0-93EB-27DB5AB29476}.Release|Any CPU.ActiveCfg = Release|Any CPU
		{827E1C21-6C7F-44C0-93EB-27DB5AB29476}.Release|Any CPU.Build.0 = Release|Any CPU
		{953CBF27-AC32-4C78-852E-9B6EFC9A44E0}.Debug|Any CPU.ActiveCfg = Debug|Any CPU
		{953CBF27-AC32-4C78-852E-9B6EFC9A44E0}.Debug|Any CPU.Build.0 = Debug|Any CPU
		{953CBF27-AC32-4C78-852E-9B6EFC9A44E0}.Release|Any CPU.ActiveCfg = Release|Any CPU
		{953CBF27-AC32-4C78-852E-9B6EFC9A44E0}.Release|Any CPU.Build.0 = Release|Any CPU
		{7A2D2691-7F17-4CE2-B73F-BE183B8F2B56}.Debug|Any CPU.ActiveCfg = Debug|Any CPU
		{7A2D2691-7F17-4CE2-B73F-BE183B8F2B56}.Debug|Any CPU.Build.0 = Debug|Any CPU
		{7A2D2691-7F17-4CE2-B73F-BE183B8F2B56}.Release|Any CPU.ActiveCfg = Release|Any CPU
		{7A2D2691-7F17-4CE2-B73F-BE183B8F2B56}.Release|Any CPU.Build.0 = Release|Any CPU
	EndGlobalSection
	GlobalSection(NestedProjects) = preSolution
		{827E1C21-6C7F-44C0-93EB-27DB5AB29476} = {8ED370B4-0198-4D37-97E2-8C5267E3394E}
		{7A2D2691-7F17-4CE2-B73F-BE183B8F2B56} = {8ED370B4-0198-4D37-97E2-8C5267E3394E}
		{6675CD42-4047-4B4B-8C6B-FD12220EBB25} = {8ED370B4-0198-4D37-97E2-8C5267E3394E}
	EndGlobalSection
EndGlobal
